
Microsoft Visual Studio Solution File, Format Version 12.00
# Visual Studio Version 16
VisualStudioVersion = 16.0.31729.503
MinimumVisualStudioVersion = 10.0.40219.1
Project("{FAE04EC0-301F-11D3-BF4B-00C04F79EFBC}") = "Bashee", "Bashee\Bashee.csproj", "{D66C4501-B999-4CCB-88C4-483E81C165A7}"
EndProject
Global
	GlobalSection(SolutionConfigurationPlatforms) = preSolution
		Debug|Any CPU = Debug|Any CPU
		Release|Any CPU = Release|Any CPU
	EndGlobalSection
	GlobalSection(ProjectConfigurationPlatforms) = postSolution
		{D66C4501-B999-4CCB-88C4-483E81C165A7}.Debug|Any CPU.ActiveCfg = Debug|Any CPU
		{D66C4501-B999-4CCB-88C4-483E81C165A7}.Debug|Any CPU.Build.0 = Debug|Any CPU
		{D66C4501-B999-4CCB-88C4-483E81C165A7}.Release|Any CPU.ActiveCfg = Release|Any CPU
		{D66C4501-B999-4CCB-88C4-483E81C165A7}.Release|Any CPU.Build.0 = Release|Any CPU
	EndGlobalSection
	GlobalSection(SolutionProperties) = preSolution
		HideSolutionNode = FALSE
	EndGlobalSection
	GlobalSection(ExtensibilityGlobals) = postSolution
		SolutionGuid = {520BA945-6000-4CA4-B827-F6F5AE11F575}
	EndGlobalSection
EndGlobal
